
Microsoft Visual Studio Solution File, Format Version 12.00
# Visual Studio Version 17
VisualStudioVersion = 17.14.36623.8
MinimumVisualStudioVersion = 10.0.40219.1
Project("{FAE04EC0-301F-11D3-BF4B-00C04F79EFBC}") = "Stream Postgres WAL Changes Into .NET with Npgsql App", "Stream Postgres WAL Changes Into .NET with Npgsql App\Stream Postgres WAL Changes Into .NET with Npgsql App.csproj", "{18963950-5975-4F5F-A531-D20DB4123D45}"
EndProject
Project("{FAE04EC0-301F-11D3-BF4B-00C04F79EFBC}") = "DebeziumDemoApp", "DebeziumDemoApp\DebeziumDemoApp.csproj", "{DE3743AD-9E6F-4CE1-8FDC-1E8D4E3DCCA3}"
EndProject
Global
	GlobalSection(SolutionConfigurationPlatforms) = preSolution
		Debug|Any CPU = Debug|Any CPU
		Release|Any CPU = Release|Any CPU
	EndGlobalSection
	GlobalSection(ProjectConfigurationPlatforms) = postSolution
		{18963950-5975-4F5F-A531-D20DB4123D45}.Debug|Any CPU.ActiveCfg = Debug|Any CPU
		{18963950-5975-4F5F-A531-D20DB4123D45}.Debug|Any CPU.Build.0 = Debug|Any CPU
		{18963950-5975-4F5F-A531-D20DB4123D45}.Release|Any CPU.ActiveCfg = Release|Any CPU
		{18963950-5975-4F5F-A531-D20DB4123D45}.Release|Any CPU.Build.0 = Release|Any CPU
		{DE3743AD-9E6F-4CE1-8FDC-1E8D4E3DCCA3}.Debug|Any CPU.ActiveCfg = Debug|Any CPU
		{DE3743AD-9E6F-4CE1-8FDC-1E8D4E3DCCA3}.Debug|Any CPU.Build.0 = Debug|Any CPU
		{DE3743AD-9E6F-4CE1-8FDC-1E8D4E3DCCA3}.Release|Any CPU.ActiveCfg = Release|Any CPU
		{DE3743AD-9E6F-4CE1-8FDC-1E8D4E3DCCA3}.Release|Any CPU.Build.0 = Release|Any CPU
	EndGlobalSection
	GlobalSection(SolutionProperties) = preSolution
		HideSolutionNode = FALSE
	EndGlobalSection
	GlobalSection(ExtensibilityGlobals) = postSolution
		SolutionGuid = {63A137E4-562A-4659-9E44-7D371208543F}
	EndGlobalSection
EndGlobal
